
Microsoft Visual Studio Solution File, Format Version 12.00
# Visual Studio Version 17
VisualStudioVersion = 17.5.002.0
MinimumVisualStudioVersion = 10.0.40219.1
Project("{9A19103F-16F7-4668-BE54-9A1E7A4F7556}") = "AWMS.API", "AWMS.API.csproj", "{86BB6AE2-FCA3-43FE-A111-2106E1DFB49E}"
EndProject
Global
	GlobalSection(SolutionConfigurationPlatforms) = preSolution
		Debug|Any CPU = Debug|Any CPU
		Release|Any CPU = Release|Any CPU
	EndGlobalSection
	GlobalSection(ProjectConfigurationPlatforms) = postSolution
		{86BB6AE2-FCA3-43FE-A111-2106E1DFB49E}.Debug|Any CPU.ActiveCfg = Debug|Any CPU
		{86BB6AE2-FCA3-43FE-A111-2106E1DFB49E}.Debug|Any CPU.Build.0 = Debug|Any CPU
		{86BB6AE2-FCA3-43FE-A111-2106E1DFB49E}.Release|Any CPU.ActiveCfg = Release|Any CPU
		{86BB6AE2-FCA3-43FE-A111-2106E1DFB49E}.Release|Any CPU.Build.0 = Release|Any CPU
	EndGlobalSection
	GlobalSection(SolutionProperties) = preSolution
		HideSolutionNode = FALSE
	EndGlobalSection
	GlobalSection(ExtensibilityGlobals) = postSolution
		SolutionGuid = {B09DAC4F-845C-4682-B462-049776C7AA3F}
	EndGlobalSection
EndGlobal
